// !$*UTF8*$!
{
	archiveVersion = 1;
	classes = {
	};
	objectVersion = 52;
	objects = {

/* Begin PBXBuildFile section */
		05B8257A25C9646200B4AEA3 /* Scene.cpp in Sources */ = {isa = PBXBuildFile; fileRef = 05B8257825C9646200B4AEA3 /* Scene.cpp */; };
		05B8257B25C9646200B4AEA3 /* Scene.cpp in Sources */ = {isa = PBXBuildFile; fileRef = 05B8257825C9646200B4AEA3 /* Scene.cpp */; };
		05B8258025C964C800B4AEA3 /* Meshes.cpp in Sources */ = {isa = PBXBuildFile; fileRef = 05B8257E25C964C800B4AEA3 /* Meshes.cpp */; };
		05B8258125C964C800B4AEA3 /* Meshes.cpp in Sources */ = {isa = PBXBuildFile; fileRef = 05B8257E25C964C800B4AEA3 /* Meshes.cpp */; };
		05C68D2425C8381D00529B60 /* AppDelegate.m in Sources */ = {isa = PBXBuildFile; fileRef = 05C68D2325C8381D00529B60 /* AppDelegate.m */; };
		05C68D2725C8381D00529B60 /* ViewController.mm in Sources */ = {isa = PBXBuildFile; fileRef = 05C68D2625C8381D00529B60 /* ViewController.mm */; };
		05C68D2925C8381F00529B60 /* Assets.xcassets in Resources */ = {isa = PBXBuildFile; fileRef = 05C68D2825C8381F00529B60 /* Assets.xcassets */; };
		05C68D2C25C8381F00529B60 /* Main.storyboard in Resources */ = {isa = PBXBuildFile; fileRef = 05C68D2A25C8381F00529B60 /* Main.storyboard */; };
		05C68D2F25C8381F00529B60 /* Main.m in Sources */ = {isa = PBXBuildFile; fileRef = 05C68D2E25C8381F00529B60 /* Main.m */; };
		05C68D4025C8384D00529B60 /* AppDelegate.m in Sources */ = {isa = PBXBuildFile; fileRef = 05C68D3F25C8384D00529B60 /* AppDelegate.m */; };
		05C68D4325C8384D00529B60 /* SceneDelegate.m in Sources */ = {isa = PBXBuildFile; fileRef = 05C68D4225C8384D00529B60 /* SceneDelegate.m */; };
		05C68D4625C8384D00529B60 /* ViewController.mm in Sources */ = {isa = PBXBuildFile; fileRef = 05C68D4525C8384D00529B60 /* ViewController.mm */; };
		05C68D4925C8384D00529B60 /* Main.storyboard in Resources */ = {isa = PBXBuildFile; fileRef = 05C68D4725C8384D00529B60 /* Main.storyboard */; };
		05C68D4B25C8384E00529B60 /* Assets.xcassets in Resources */ = {isa = PBXBuildFile; fileRef = 05C68D4A25C8384E00529B60 /* Assets.xcassets */; };
		05C68D4E25C8384E00529B60 /* LaunchScreen.storyboard in Resources */ = {isa = PBXBuildFile; fileRef = 05C68D4C25C8384E00529B60 /* LaunchScreen.storyboard */; };
		05C68D5125C8384E00529B60 /* Main.m in Sources */ = {isa = PBXBuildFile; fileRef = 05C68D5025C8384E00529B60 /* Main.m */; };
		05C68D5E25C8389400529B60 /* Daedalus.cpp in Sources */ = {isa = PBXBuildFile; fileRef = 05C68D5D25C8389400529B60 /* Daedalus.cpp */; };
		05C68D5F25C8389400529B60 /* Daedalus.cpp in Sources */ = {isa = PBXBuildFile; fileRef = 05C68D5D25C8389400529B60 /* Daedalus.cpp */; };
		05C68D8225C84BAD00529B60 /* Main.cpp in Sources */ = {isa = PBXBuildFile; fileRef = 05C68D8125C84BAD00529B60 /* Main.cpp */; };
		05C68D8325C84BAD00529B60 /* Main.cpp in Sources */ = {isa = PBXBuildFile; fileRef = 05C68D8125C84BAD00529B60 /* Main.cpp */; };
		05C68D8825C852FF00529B60 /* Shell.cpp in Sources */ = {isa = PBXBuildFile; fileRef = 05C68D8625C852FF00529B60 /* Shell.cpp */; };
		05C68D8925C852FF00529B60 /* Shell.cpp in Sources */ = {isa = PBXBuildFile; fileRef = 05C68D8625C852FF00529B60 /* Shell.cpp */; };
		05C68D8F25C853D700529B60 /* MoltenVK.xcframework in Frameworks */ = {isa = PBXBuildFile; fileRef = 05C68D8E25C853D700529B60 /* MoltenVK.xcframework */; };
		05C68D9225C853E300529B60 /* MoltenVK.xcframework in Frameworks */ = {isa = PBXBuildFile; fileRef = 05C68D8E25C853D700529B60 /* MoltenVK.xcframework */; };
		05C9D0C925C8765A0039E8ED /* ShellDarwin.cpp in Sources */ = {isa = PBXBuildFile; fileRef = 05C9D0C725C8765A0039E8ED /* ShellDarwin.cpp */; };
		05C9D0CA25C8765A0039E8ED /* ShellDarwin.cpp in Sources */ = {isa = PBXBuildFile; fileRef = 05C9D0C725C8765A0039E8ED /* ShellDarwin.cpp */; };
		05C9D0D325C876730039E8ED /* ShellWin32.cpp in Sources */ = {isa = PBXBuildFile; fileRef = 05C9D0D125C876730039E8ED /* ShellWin32.cpp */; };
		05C9D0D425C876730039E8ED /* ShellWin32.cpp in Sources */ = {isa = PBXBuildFile; fileRef = 05C9D0D125C876730039E8ED /* ShellWin32.cpp */; };
		05C9D0D925C8770F0039E8ED /* ShellXCB.cpp in Sources */ = {isa = PBXBuildFile; fileRef = 05C9D0D725C8770F0039E8ED /* ShellXCB.cpp */; };
		05C9D0DA25C8770F0039E8ED /* ShellXCB.cpp in Sources */ = {isa = PBXBuildFile; fileRef = 05C9D0D725C8770F0039E8ED /* ShellXCB.cpp */; };
		05C9D0DF25C8771E0039E8ED /* ShellWayland.cpp in Sources */ = {isa = PBXBuildFile; fileRef = 05C9D0DD25C8771E0039E8ED /* ShellWayland.cpp */; };
		05C9D0E025C8771E0039E8ED /* ShellWayland.cpp in Sources */ = {isa = PBXBuildFile; fileRef = 05C9D0DD25C8771E0039E8ED /* ShellWayland.cpp */; };
		05C9D0E525C877290039E8ED /* ShellAndroid.cpp in Sources */ = {isa = PBXBuildFile; fileRef = 05C9D0E325C877290039E8ED /* ShellAndroid.cpp */; };
		05C9D0E625C877290039E8ED /* ShellAndroid.cpp in Sources */ = {isa = PBXBuildFile; fileRef = 05C9D0E325C877290039E8ED /* ShellAndroid.cpp */; };
/* End PBXBuildFile section */

/* Begin PBXFileReference section */
		05B8257825C9646200B4AEA3 /* Scene.cpp */ = {isa = PBXFileReference; lastKnownFileType = sourcecode.cpp.cpp; path = Scene.cpp; sourceTree = "<group>"; };
		05B8257925C9646200B4AEA3 /* Scene.h */ = {isa = PBXFileReference; lastKnownFileType = sourcecode.c.h; path = Scene.h; sourceTree = "<group>"; };
		05B8257E25C964C800B4AEA3 /* Meshes.cpp */ = {isa = PBXFileReference; lastKnownFileType = sourcecode.cpp.cpp; path = Meshes.cpp; sourceTree = "<group>"; };
		05B8257F25C964C800B4AEA3 /* Meshes.h */ = {isa = PBXFileReference; lastKnownFileType = sourcecode.c.h; path = Meshes.h; sourceTree = "<group>"; };
		05C68D1F25C8381D00529B60 /* Daedalus.app */ = {isa = PBXFileReference; explicitFileType = wrapper.application; includeInIndex = 0; path = Daedalus.app; sourceTree = BUILT_PRODUCTS_DIR; };
		05C68D2225C8381D00529B60 /* AppDelegate.h */ = {isa = PBXFileReference; lastKnownFileType = sourcecode.c.h; path = AppDelegate.h; sourceTree = "<group>"; };
		05C68D2325C8381D00529B60 /* AppDelegate.m */ = {isa = PBXFileReference; lastKnownFileType = sourcecode.c.objc; path = AppDelegate.m; sourceTree = "<group>"; };
		05C68D2525C8381D00529B60 /* ViewController.h */ = {isa = PBXFileReference; lastKnownFileType = sourcecode.c.h; path = ViewController.h; sourceTree = "<group>"; };
		05C68D2625C8381D00529B60 /* ViewController.mm */ = {isa = PBXFileReference; lastKnownFileType = sourcecode.cpp.objcpp; path = ViewController.mm; sourceTree = "<group>"; };
		05C68D2825C8381F00529B60 /* Assets.xcassets */ = {isa = PBXFileReference; lastKnownFileType = folder.assetcatalog; path = Assets.xcassets; sourceTree = "<group>"; };
		05C68D2B25C8381F00529B60 /* Base */ = {isa = PBXFileReference; lastKnownFileType = file.storyboard; name = Base; path = Base.lproj/Main.storyboard; sourceTree = "<group>"; };
		05C68D2D25C8381F00529B60 /* Info.plist */ = {isa = PBXFileReference; lastKnownFileType = text.plist.xml; path = Info.plist; sourceTree = "<group>"; };
		05C68D2E25C8381F00529B60 /* Main.m */ = {isa = PBXFileReference; lastKnownFileType = sourcecode.c.objc; path = Main.m; sourceTree = "<group>"; };
		05C68D3C25C8384D00529B60 /* Daedalus.app */ = {isa = PBXFileReference; explicitFileType = wrapper.application; includeInIndex = 0; path = Daedalus.app; sourceTree = BUILT_PRODUCTS_DIR; };
		05C68D3E25C8384D00529B60 /* AppDelegate.h */ = {isa = PBXFileReference; lastKnownFileType = sourcecode.c.h; path = AppDelegate.h; sourceTree = "<group>"; };
		05C68D3F25C8384D00529B60 /* AppDelegate.m */ = {isa = PBXFileReference; lastKnownFileType = sourcecode.c.objc; path = AppDelegate.m; sourceTree = "<group>"; };
		05C68D4125C8384D00529B60 /* SceneDelegate.h */ = {isa = PBXFileReference; lastKnownFileType = sourcecode.c.h; path = SceneDelegate.h; sourceTree = "<group>"; };
		05C68D4225C8384D00529B60 /* SceneDelegate.m */ = {isa = PBXFileReference; lastKnownFileType = sourcecode.c.objc; path = SceneDelegate.m; sourceTree = "<group>"; };
		05C68D4425C8384D00529B60 /* ViewController.h */ = {isa = PBXFileReference; lastKnownFileType = sourcecode.c.h; path = ViewController.h; sourceTree = "<group>"; };
		05C68D4525C8384D00529B60 /* ViewController.mm */ = {isa = PBXFileReference; lastKnownFileType = sourcecode.cpp.objcpp; path = ViewController.mm; sourceTree = "<group>"; };
		05C68D4825C8384D00529B60 /* Base */ = {isa = PBXFileReference; lastKnownFileType = file.storyboard; name = Base; path = Base.lproj/Main.storyboard; sourceTree = "<group>"; };
		05C68D4A25C8384E00529B60 /* Assets.xcassets */ = {isa = PBXFileReference; lastKnownFileType = folder.assetcatalog; path = Assets.xcassets; sourceTree = "<group>"; };
		05C68D4D25C8384E00529B60 /* Base */ = {isa = PBXFileReference; lastKnownFileType = file.storyboard; name = Base; path = Base.lproj/LaunchScreen.storyboard; sourceTree = "<group>"; };
		05C68D4F25C8384E00529B60 /* Info.plist */ = {isa = PBXFileReference; lastKnownFileType = text.plist.xml; path = Info.plist; sourceTree = "<group>"; };
		05C68D5025C8384E00529B60 /* Main.m */ = {isa = PBXFileReference; lastKnownFileType = sourcecode.c.objc; path = Main.m; sourceTree = "<group>"; };
		05C68D5D25C8389400529B60 /* Daedalus.cpp */ = {isa = PBXFileReference; lastKnownFileType = sourcecode.cpp.cpp; path = Daedalus.cpp; sourceTree = "<group>"; };
		05C68D7425C8426100529B60 /* Engine.h */ = {isa = PBXFileReference; lastKnownFileType = sourcecode.c.h; path = Engine.h; sourceTree = "<group>"; };
		05C68D8125C84BAD00529B60 /* Main.cpp */ = {isa = PBXFileReference; lastKnownFileType = sourcecode.cpp.cpp; path = Main.cpp; sourceTree = "<group>"; };
		05C68D8625C852FF00529B60 /* Shell.cpp */ = {isa = PBXFileReference; lastKnownFileType = sourcecode.cpp.cpp; path = Shell.cpp; sourceTree = "<group>"; };
		05C68D8725C852FF00529B60 /* Shell.h */ = {isa = PBXFileReference; lastKnownFileType = sourcecode.c.h; path = Shell.h; sourceTree = "<group>"; };
		05C68D8C25C8537C00529B60 /* Daedalus.h */ = {isa = PBXFileReference; lastKnownFileType = sourcecode.c.h; path = Daedalus.h; sourceTree = "<group>"; };
		05C68D8E25C853D700529B60 /* MoltenVK.xcframework */ = {isa = PBXFileReference; lastKnownFileType = wrapper.xcframework; name = MoltenVK.xcframework; path = ../GameDev/MoltenVK/Package/Debug/MoltenVK/MoltenVK.xcframework; sourceTree = "<group>"; };
		05C9D0C725C8765A0039E8ED /* ShellDarwin.cpp */ = {isa = PBXFileReference; lastKnownFileType = sourcecode.cpp.cpp; path = ShellDarwin.cpp; sourceTree = "<group>"; };
		05C9D0C825C8765A0039E8ED /* ShellDarwin.h */ = {isa = PBXFileReference; lastKnownFileType = sourcecode.c.h; path = ShellDarwin.h; sourceTree = "<group>"; };
		05C9D0D125C876730039E8ED /* ShellWin32.cpp */ = {isa = PBXFileReference; lastKnownFileType = sourcecode.cpp.cpp; path = ShellWin32.cpp; sourceTree = "<group>"; };
		05C9D0D225C876730039E8ED /* ShellWin32.h */ = {isa = PBXFileReference; lastKnownFileType = sourcecode.c.h; path = ShellWin32.h; sourceTree = "<group>"; };
		05C9D0D725C8770F0039E8ED /* ShellXCB.cpp */ = {isa = PBXFileReference; lastKnownFileType = sourcecode.cpp.cpp; path = ShellXCB.cpp; sourceTree = "<group>"; };
		05C9D0D825C8770F0039E8ED /* ShellXCB.h */ = {isa = PBXFileReference; lastKnownFileType = sourcecode.c.h; path = ShellXCB.h; sourceTree = "<group>"; };
		05C9D0DD25C8771E0039E8ED /* ShellWayland.cpp */ = {isa = PBXFileReference; lastKnownFileType = sourcecode.cpp.cpp; path = ShellWayland.cpp; sourceTree = "<group>"; };
		05C9D0DE25C8771E0039E8ED /* ShellWayland.h */ = {isa = PBXFileReference; lastKnownFileType = sourcecode.c.h; path = ShellWayland.h; sourceTree = "<group>"; };
		05C9D0E325C877290039E8ED /* ShellAndroid.cpp */ = {isa = PBXFileReference; lastKnownFileType = sourcecode.cpp.cpp; path = ShellAndroid.cpp; sourceTree = "<group>"; };
		05C9D0E425C877290039E8ED /* ShellAndroid.h */ = {isa = PBXFileReference; lastKnownFileType = sourcecode.c.h; path = ShellAndroid.h; sourceTree = "<group>"; };
/* End PBXFileReference section */

/* Begin PBXFrameworksBuildPhase section */
		05C68D1C25C8381D00529B60 /* Frameworks */ = {
			isa = PBXFrameworksBuildPhase;
			buildActionMask = 2147483647;
			files = (
				05C68D8F25C853D700529B60 /* MoltenVK.xcframework in Frameworks */,
			);
			runOnlyForDeploymentPostprocessing = 0;
		};
		05C68D3925C8384D00529B60 /* Frameworks */ = {
			isa = PBXFrameworksBuildPhase;
			buildActionMask = 2147483647;
			files = (
				05C68D9225C853E300529B60 /* MoltenVK.xcframework in Frameworks */,
			);
			runOnlyForDeploymentPostprocessing = 0;
		};
/* End PBXFrameworksBuildPhase section */

/* Begin PBXGroup section */
		05C68D1625C8381C00529B60 = {
			isa = PBXGroup;
			children = (
				05C68D2125C8381D00529B60 /* Daedalus */,
				05C9D0EB25C879530039E8ED /* Darwin */,
				05C9D0EC25C879A20039E8ED /* Windows */,
				05C9D0ED25C879BE0039E8ED /* Linux */,
				05C9D0EE25C879DA0039E8ED /* Android */,
				05C68D2025C8381D00529B60 /* Products */,
				05C68D8D25C853D700529B60 /* Frameworks */,
			);
			sourceTree = "<group>";
		};
		05C68D2025C8381D00529B60 /* Products */ = {
			isa = PBXGroup;
			children = (
				05C68D1F25C8381D00529B60 /* Daedalus.app */,
				05C68D3C25C8384D00529B60 /* Daedalus.app */,
			);
			name = Products;
			sourceTree = "<group>";
		};
		05C68D2125C8381D00529B60 /* Daedalus */ = {
			isa = PBXGroup;
			children = (
				05C68D5D25C8389400529B60 /* Daedalus.cpp */,
				05C68D8C25C8537C00529B60 /* Daedalus.h */,
				05C68D7425C8426100529B60 /* Engine.h */,
				05C68D8625C852FF00529B60 /* Shell.cpp */,
				05C68D8725C852FF00529B60 /* Shell.h */,
				05C68D8125C84BAD00529B60 /* Main.cpp */,
				05B8257825C9646200B4AEA3 /* Scene.cpp */,
				05B8257925C9646200B4AEA3 /* Scene.h */,
				05B8257E25C964C800B4AEA3 /* Meshes.cpp */,
				05B8257F25C964C800B4AEA3 /* Meshes.h */,
			);
			path = Daedalus;
			sourceTree = "<group>";
		};
		05C68D3725C8382F00529B60 /* macOS */ = {
			isa = PBXGroup;
			children = (
				05C68D2225C8381D00529B60 /* AppDelegate.h */,
				05C68D2325C8381D00529B60 /* AppDelegate.m */,
				05C68D2525C8381D00529B60 /* ViewController.h */,
				05C68D2625C8381D00529B60 /* ViewController.mm */,
				05C68D2D25C8381F00529B60 /* Info.plist */,
				05C68D2E25C8381F00529B60 /* Main.m */,
				05C68D5A25C8386000529B60 /* Resources */,
			);
			path = macOS;
			sourceTree = "<group>";
		};
		05C68D3D25C8384D00529B60 /* iOS */ = {
			isa = PBXGroup;
			children = (
				05C68D3E25C8384D00529B60 /* AppDelegate.h */,
				05C68D3F25C8384D00529B60 /* AppDelegate.m */,
				05C68D4125C8384D00529B60 /* SceneDelegate.h */,
				05C68D4225C8384D00529B60 /* SceneDelegate.m */,
				05C68D4425C8384D00529B60 /* ViewController.h */,
				05C68D4525C8384D00529B60 /* ViewController.mm */,
				05C68D4F25C8384E00529B60 /* Info.plist */,
				05C68D5025C8384E00529B60 /* Main.m */,
				05C68D5925C8385A00529B60 /* Resources */,
			);
			path = iOS;
			sourceTree = "<group>";
		};
		05C68D5925C8385A00529B60 /* Resources */ = {
			isa = PBXGroup;
			children = (
				05C68D4725C8384D00529B60 /* Main.storyboard */,
				05C68D4C25C8384E00529B60 /* LaunchScreen.storyboard */,
				05C68D4A25C8384E00529B60 /* Assets.xcassets */,
			);
			path = Resources;
			sourceTree = "<group>";
		};
		05C68D5A25C8386000529B60 /* Resources */ = {
			isa = PBXGroup;
			children = (
				05C68D2A25C8381F00529B60 /* Main.storyboard */,
				05C68D2825C8381F00529B60 /* Assets.xcassets */,
			);
			path = Resources;
			sourceTree = "<group>";
		};
		05C68D8D25C853D700529B60 /* Frameworks */ = {
			isa = PBXGroup;
			children = (
				05C68D8E25C853D700529B60 /* MoltenVK.xcframework */,
			);
			name = Frameworks;
			sourceTree = "<group>";
		};
		05C9D0EB25C879530039E8ED /* Darwin */ = {
			isa = PBXGroup;
			children = (
				05C9D0C725C8765A0039E8ED /* ShellDarwin.cpp */,
				05C9D0C825C8765A0039E8ED /* ShellDarwin.h */,
				05C68D3725C8382F00529B60 /* macOS */,
				05C68D3D25C8384D00529B60 /* iOS */,
			);
			path = Darwin;
			sourceTree = "<group>";
		};
		05C9D0EC25C879A20039E8ED /* Windows */ = {
			isa = PBXGroup;
			children = (
				05C9D0D125C876730039E8ED /* ShellWin32.cpp */,
				05C9D0D225C876730039E8ED /* ShellWin32.h */,
			);
			path = Windows;
			sourceTree = "<group>";
		};
		05C9D0ED25C879BE0039E8ED /* Linux */ = {
			isa = PBXGroup;
			children = (
				05C9D0D725C8770F0039E8ED /* ShellXCB.cpp */,
				05C9D0D825C8770F0039E8ED /* ShellXCB.h */,
				05C9D0DD25C8771E0039E8ED /* ShellWayland.cpp */,
				05C9D0DE25C8771E0039E8ED /* ShellWayland.h */,
			);
			path = Linux;
			sourceTree = "<group>";
		};
		05C9D0EE25C879DA0039E8ED /* Android */ = {
			isa = PBXGroup;
			children = (
				05C9D0E325C877290039E8ED /* ShellAndroid.cpp */,
				05C9D0E425C877290039E8ED /* ShellAndroid.h */,
			);
			path = Android;
			sourceTree = "<group>";
		};
/* End PBXGroup section */

/* Begin PBXNativeTarget section */
		05C68D1E25C8381D00529B60 /* Daedalus (macOS) */ = {
			isa = PBXNativeTarget;
			buildConfigurationList = 05C68D3325C8381F00529B60 /* Build configuration list for PBXNativeTarget "Daedalus (macOS)" */;
			buildPhases = (
				05C68D1B25C8381D00529B60 /* Sources */,
				05C68D1C25C8381D00529B60 /* Frameworks */,
				05C68D1D25C8381D00529B60 /* Resources */,
			);
			buildRules = (
			);
			dependencies = (
			);
			name = "Daedalus (macOS)";
			productName = Daedalus;
			productReference = 05C68D1F25C8381D00529B60 /* Daedalus.app */;
			productType = "com.apple.product-type.application";
		};
		05C68D3B25C8384D00529B60 /* Daedalus (iOS) */ = {
			isa = PBXNativeTarget;
			buildConfigurationList = 05C68D5225C8384E00529B60 /* Build configuration list for PBXNativeTarget "Daedalus (iOS)" */;
			buildPhases = (
				05C68D3825C8384D00529B60 /* Sources */,
				05C68D3925C8384D00529B60 /* Frameworks */,
				05C68D3A25C8384D00529B60 /* Resources */,
			);
			buildRules = (
			);
			dependencies = (
			);
			name = "Daedalus (iOS)";
			productName = "Daedalus-iOS";
			productReference = 05C68D3C25C8384D00529B60 /* Daedalus.app */;
			productType = "com.apple.product-type.application";
		};
/* End PBXNativeTarget section */

/* Begin PBXProject section */
		05C68D1725C8381C00529B60 /* Project object */ = {
			isa = PBXProject;
			attributes = {
				LastUpgradeCheck = 1240;
				TargetAttributes = {
					05C68D1E25C8381D00529B60 = {
						CreatedOnToolsVersion = 12.4;
					};
					05C68D3B25C8384D00529B60 = {
						CreatedOnToolsVersion = 12.4;
					};
				};
			};
			buildConfigurationList = 05C68D1A25C8381C00529B60 /* Build configuration list for PBXProject "Daedalus" */;
			compatibilityVersion = "Xcode 9.3";
			developmentRegion = en;
			hasScannedForEncodings = 0;
			knownRegions = (
				en,
				Base,
			);
			mainGroup = 05C68D1625C8381C00529B60;
			productRefGroup = 05C68D2025C8381D00529B60 /* Products */;
			projectDirPath = "";
			projectRoot = "";
			targets = (
				05C68D1E25C8381D00529B60 /* Daedalus (macOS) */,
				05C68D3B25C8384D00529B60 /* Daedalus (iOS) */,
			);
		};
/* End PBXProject section */

/* Begin PBXResourcesBuildPhase section */
		05C68D1D25C8381D00529B60 /* Resources */ = {
			isa = PBXResourcesBuildPhase;
			buildActionMask = 2147483647;
			files = (
				05C68D2925C8381F00529B60 /* Assets.xcassets in Resources */,
				05C68D2C25C8381F00529B60 /* Main.storyboard in Resources */,
			);
			runOnlyForDeploymentPostprocessing = 0;
		};
		05C68D3A25C8384D00529B60 /* Resources */ = {
			isa = PBXResourcesBuildPhase;
			buildActionMask = 2147483647;
			files = (
				05C68D4E25C8384E00529B60 /* LaunchScreen.storyboard in Resources */,
				05C68D4B25C8384E00529B60 /* Assets.xcassets in Resources */,
				05C68D4925C8384D00529B60 /* Main.storyboard in Resources */,
			);
			runOnlyForDeploymentPostprocessing = 0;
		};
/* End PBXResourcesBuildPhase section */

/* Begin PBXSourcesBuildPhase section */
		05C68D1B25C8381D00529B60 /* Sources */ = {
			isa = PBXSourcesBuildPhase;
			buildActionMask = 2147483647;
			files = (
				05B8257A25C9646200B4AEA3 /* Scene.cpp in Sources */,
				05C9D0D925C8770F0039E8ED /* ShellXCB.cpp in Sources */,
				05C9D0E525C877290039E8ED /* ShellAndroid.cpp in Sources */,
				05C68D5E25C8389400529B60 /* Daedalus.cpp in Sources */,
				05C9D0C925C8765A0039E8ED /* ShellDarwin.cpp in Sources */,
				05C9D0D325C876730039E8ED /* ShellWin32.cpp in Sources */,
				05C68D2725C8381D00529B60 /* ViewController.mm in Sources */,
				05B8258025C964C800B4AEA3 /* Meshes.cpp in Sources */,
				05C68D8825C852FF00529B60 /* Shell.cpp in Sources */,
				05C68D2F25C8381F00529B60 /* Main.m in Sources */,
				05C68D2425C8381D00529B60 /* AppDelegate.m in Sources */,
				05C68D8225C84BAD00529B60 /* Main.cpp in Sources */,
				05C9D0DF25C8771E0039E8ED /* ShellWayland.cpp in Sources */,
			);
			runOnlyForDeploymentPostprocessing = 0;
		};
		05C68D3825C8384D00529B60 /* Sources */ = {
			isa = PBXSourcesBuildPhase;
			buildActionMask = 2147483647;
			files = (
				05C9D0DA25C8770F0039E8ED /* ShellXCB.cpp in Sources */,
				05B8257B25C9646200B4AEA3 /* Scene.cpp in Sources */,
				05C68D8325C84BAD00529B60 /* Main.cpp in Sources */,
				05C68D4625C8384D00529B60 /* ViewController.mm in Sources */,
				05B8258125C964C800B4AEA3 /* Meshes.cpp in Sources */,
				05C9D0D425C876730039E8ED /* ShellWin32.cpp in Sources */,
				05C68D4025C8384D00529B60 /* AppDelegate.m in Sources */,
				05C68D8925C852FF00529B60 /* Shell.cpp in Sources */,
				05C9D0E025C8771E0039E8ED /* ShellWayland.cpp in Sources */,
				05C68D5125C8384E00529B60 /* Main.m in Sources */,
				05C9D0CA25C8765A0039E8ED /* ShellDarwin.cpp in Sources */,
				05C68D5F25C8389400529B60 /* Daedalus.cpp in Sources */,
				05C9D0E625C877290039E8ED /* ShellAndroid.cpp in Sources */,
				05C68D4325C8384D00529B60 /* SceneDelegate.m in Sources */,
			);
			runOnlyForDeploymentPostprocessing = 0;
		};
/* End PBXSourcesBuildPhase section */

/* Begin PBXVariantGroup section */
		05C68D2A25C8381F00529B60 /* Main.storyboard */ = {
			isa = PBXVariantGroup;
			children = (
				05C68D2B25C8381F00529B60 /* Base */,
			);
			name = Main.storyboard;
			sourceTree = "<group>";
		};
		05C68D4725C8384D00529B60 /* Main.storyboard */ = {
			isa = PBXVariantGroup;
			children = (
				05C68D4825C8384D00529B60 /* Base */,
			);
			name = Main.storyboard;
			sourceTree = "<group>";
		};
		05C68D4C25C8384E00529B60 /* LaunchScreen.storyboard */ = {
			isa = PBXVariantGroup;
			children = (
				05C68D4D25C8384E00529B60 /* Base */,
			);
			name = LaunchScreen.storyboard;
			sourceTree = "<group>";
		};
/* End PBXVariantGroup section */

/* Begin XCBuildConfiguration section */
		05C68D3125C8381F00529B60 /* Debug */ = {
			isa = XCBuildConfiguration;
			buildSettings = {
				ALWAYS_SEARCH_USER_PATHS = NO;
				CLANG_ANALYZER_NONNULL = YES;
				CLANG_ANALYZER_NUMBER_OBJECT_CONVERSION = YES_AGGRESSIVE;
				CLANG_CXX_LANGUAGE_STANDARD = "gnu++14";
				CLANG_CXX_LIBRARY = "libc++";
				CLANG_ENABLE_MODULES = YES;
				CLANG_ENABLE_OBJC_ARC = YES;
				CLANG_ENABLE_OBJC_WEAK = YES;
				CLANG_WARN_BLOCK_CAPTURE_AUTORELEASING = YES;
				CLANG_WARN_BOOL_CONVERSION = YES;
				CLANG_WARN_COMMA = YES;
				CLANG_WARN_CONSTANT_CONVERSION = YES;
				CLANG_WARN_DEPRECATED_OBJC_IMPLEMENTATIONS = YES;
				CLANG_WARN_DIRECT_OBJC_ISA_USAGE = YES_ERROR;
				CLANG_WARN_DOCUMENTATION_COMMENTS = YES;
				CLANG_WARN_EMPTY_BODY = YES;
				CLANG_WARN_ENUM_CONVERSION = YES;
				CLANG_WARN_INFINITE_RECURSION = YES;
				CLANG_WARN_INT_CONVERSION = YES;
				CLANG_WARN_NON_LITERAL_NULL_CONVERSION = YES;
				CLANG_WARN_OBJC_IMPLICIT_RETAIN_SELF = YES;
				CLANG_WARN_OBJC_LITERAL_CONVERSION = YES;
				CLANG_WARN_OBJC_ROOT_CLASS = YES_ERROR;
				CLANG_WARN_QUOTED_INCLUDE_IN_FRAMEWORK_HEADER = YES;
				CLANG_WARN_RANGE_LOOP_ANALYSIS = YES;
				CLANG_WARN_STRICT_PROTOTYPES = YES;
				CLANG_WARN_SUSPICIOUS_MOVE = YES;
				CLANG_WARN_UNGUARDED_AVAILABILITY = YES_AGGRESSIVE;
				CLANG_WARN_UNREACHABLE_CODE = YES;
				CLANG_WARN__DUPLICATE_METHOD_MATCH = YES;
				COPY_PHASE_STRIP = NO;
				DEBUG_INFORMATION_FORMAT = dwarf;
				ENABLE_STRICT_OBJC_MSGSEND = YES;
				ENABLE_TESTABILITY = YES;
				GCC_C_LANGUAGE_STANDARD = gnu11;
				GCC_DYNAMIC_NO_PIC = NO;
				GCC_NO_COMMON_BLOCKS = YES;
				GCC_OPTIMIZATION_LEVEL = 0;
				GCC_PREPROCESSOR_DEFINITIONS = (
					"DEBUG=1",
					"$(inherited)",
				);
				GCC_WARN_64_TO_32_BIT_CONVERSION = YES;
				GCC_WARN_ABOUT_RETURN_TYPE = YES_ERROR;
				GCC_WARN_UNDECLARED_SELECTOR = YES;
				GCC_WARN_UNINITIALIZED_AUTOS = YES_AGGRESSIVE;
				GCC_WARN_UNUSED_FUNCTION = YES;
				GCC_WARN_UNUSED_VARIABLE = YES;
				MACOSX_DEPLOYMENT_TARGET = 11.1;
				MTL_ENABLE_DEBUG_INFO = INCLUDE_SOURCE;
				MTL_FAST_MATH = YES;
				ONLY_ACTIVE_ARCH = YES;
				SDKROOT = macosx;
			};
			name = Debug;
		};
		05C68D3225C8381F00529B60 /* Release */ = {
			isa = XCBuildConfiguration;
			buildSettings = {
				ALWAYS_SEARCH_USER_PATHS = NO;
				CLANG_ANALYZER_NONNULL = YES;
				CLANG_ANALYZER_NUMBER_OBJECT_CONVERSION = YES_AGGRESSIVE;
				CLANG_CXX_LANGUAGE_STANDARD = "gnu++14";
				CLANG_CXX_LIBRARY = "libc++";
				CLANG_ENABLE_MODULES = YES;
				CLANG_ENABLE_OBJC_ARC = YES;
				CLANG_ENABLE_OBJC_WEAK = YES;
				CLANG_WARN_BLOCK_CAPTURE_AUTORELEASING = YES;
				CLANG_WARN_BOOL_CONVERSION = YES;
				CLANG_WARN_COMMA = YES;
				CLANG_WARN_CONSTANT_CONVERSION = YES;
				CLANG_WARN_DEPRECATED_OBJC_IMPLEMENTATIONS = YES;
				CLANG_WARN_DIRECT_OBJC_ISA_USAGE = YES_ERROR;
				CLANG_WARN_DOCUMENTATION_COMMENTS = YES;
				CLANG_WARN_EMPTY_BODY = YES;
				CLANG_WARN_ENUM_CONVERSION = YES;
				CLANG_WARN_INFINITE_RECURSION = YES;
				CLANG_WARN_INT_CONVERSION = YES;
				CLANG_WARN_NON_LITERAL_NULL_CONVERSION = YES;
				CLANG_WARN_OBJC_IMPLICIT_RETAIN_SELF = YES;
				CLANG_WARN_OBJC_LITERAL_CONVERSION = YES;
				CLANG_WARN_OBJC_ROOT_CLASS = YES_ERROR;
				CLANG_WARN_QUOTED_INCLUDE_IN_FRAMEWORK_HEADER = YES;
				CLANG_WARN_RANGE_LOOP_ANALYSIS = YES;
				CLANG_WARN_STRICT_PROTOTYPES = YES;
				CLANG_WARN_SUSPICIOUS_MOVE = YES;
				CLANG_WARN_UNGUARDED_AVAILABILITY = YES_AGGRESSIVE;
				CLANG_WARN_UNREACHABLE_CODE = YES;
				CLANG_WARN__DUPLICATE_METHOD_MATCH = YES;
				COPY_PHASE_STRIP = NO;
				DEBUG_INFORMATION_FORMAT = "dwarf-with-dsym";
				ENABLE_NS_ASSERTIONS = NO;
				ENABLE_STRICT_OBJC_MSGSEND = YES;
				GCC_C_LANGUAGE_STANDARD = gnu11;
				GCC_NO_COMMON_BLOCKS = YES;
				GCC_WARN_64_TO_32_BIT_CONVERSION = YES;
				GCC_WARN_ABOUT_RETURN_TYPE = YES_ERROR;
				GCC_WARN_UNDECLARED_SELECTOR = YES;
				GCC_WARN_UNINITIALIZED_AUTOS = YES_AGGRESSIVE;
				GCC_WARN_UNUSED_FUNCTION = YES;
				GCC_WARN_UNUSED_VARIABLE = YES;
				MACOSX_DEPLOYMENT_TARGET = 11.1;
				MTL_ENABLE_DEBUG_INFO = NO;
				MTL_FAST_MATH = YES;
				SDKROOT = macosx;
			};
			name = Release;
		};
		05C68D3425C8381F00529B60 /* Debug */ = {
			isa = XCBuildConfiguration;
			buildSettings = {
				ARCHS = "$(ARCHS_STANDARD_64_BIT)";
				ASSETCATALOG_COMPILER_APPICON_NAME = AppIcon;
				ASSETCATALOG_COMPILER_GLOBAL_ACCENT_COLOR_NAME = AccentColor;
				CODE_SIGN_ENTITLEMENTS = "";
				CODE_SIGN_IDENTITY = "-";
				CODE_SIGN_STYLE = Automatic;
				COMBINE_HIDPI_IMAGES = YES;
				DEVELOPMENT_TEAM = 36YZ6UP6VW;
				ENABLE_HARDENED_RUNTIME = YES;
				HEADER_SEARCH_PATHS = /usr/local/include;
				INFOPLIST_FILE = Darwin/macOS/Info.plist;
				LD_RUNPATH_SEARCH_PATHS = (
					"$(inherited)",
					"@executable_path/../Frameworks",
				);
				PRODUCT_BUNDLE_IDENTIFIER = com.DiligentNetrunner.Daedalus;
				PRODUCT_NAME = Daedalus;
				USER_HEADER_SEARCH_PATHS = "$(SRCROOT)/**";
			};
			name = Debug;
		};
		05C68D3525C8381F00529B60 /* Release */ = {
			isa = XCBuildConfiguration;
			buildSettings = {
				ARCHS = "$(ARCHS_STANDARD_64_BIT)";
				ASSETCATALOG_COMPILER_APPICON_NAME = AppIcon;
				ASSETCATALOG_COMPILER_GLOBAL_ACCENT_COLOR_NAME = AccentColor;
				CODE_SIGN_ENTITLEMENTS = "";
				CODE_SIGN_IDENTITY = "-";
				CODE_SIGN_STYLE = Automatic;
				COMBINE_HIDPI_IMAGES = YES;
				DEVELOPMENT_TEAM = 36YZ6UP6VW;
				ENABLE_HARDENED_RUNTIME = YES;
				HEADER_SEARCH_PATHS = /usr/local/include;
				INFOPLIST_FILE = Darwin/macOS/Info.plist;
				LD_RUNPATH_SEARCH_PATHS = (
					"$(inherited)",
					"@executable_path/../Frameworks",
				);
				PRODUCT_BUNDLE_IDENTIFIER = com.DiligentNetrunner.Daedalus;
				PRODUCT_NAME = Daedalus;
				USER_HEADER_SEARCH_PATHS = "$(SRCROOT)/**";
			};
			name = Release;
		};
		05C68D5325C8384E00529B60 /* Debug */ = {
			isa = XCBuildConfiguration;
			buildSettings = {
				ASSETCATALOG_COMPILER_APPICON_NAME = AppIcon;
				ASSETCATALOG_COMPILER_GLOBAL_ACCENT_COLOR_NAME = AccentColor;
				CODE_SIGN_IDENTITY = "Apple Development";
				CODE_SIGN_STYLE = Automatic;
				DEVELOPMENT_TEAM = 36YZ6UP6VW;
				HEADER_SEARCH_PATHS = /usr/local/include;
				INFOPLIST_FILE = Darwin/iOS/Info.plist;
				IPHONEOS_DEPLOYMENT_TARGET = 14.4;
				LD_RUNPATH_SEARCH_PATHS = (
					"$(inherited)",
					"@executable_path/Frameworks",
				);
				PRODUCT_BUNDLE_IDENTIFIER = com.DiligentNetrunner.Daedalus;
				PRODUCT_NAME = Daedalus;
				PROVISIONING_PROFILE_SPECIFIER = "";
				SDKROOT = iphoneos;
				TARGETED_DEVICE_FAMILY = "1,2";
				USER_HEADER_SEARCH_PATHS = "$(SRCROOT)/**";
			};
			name = Debug;
		};
		05C68D5425C8384E00529B60 /* Release */ = {
			isa = XCBuildConfiguration;
			buildSettings = {
				ASSETCATALOG_COMPILER_APPICON_NAME = AppIcon;
				ASSETCATALOG_COMPILER_GLOBAL_ACCENT_COLOR_NAME = AccentColor;
				CODE_SIGN_IDENTITY = "Apple Development";
				CODE_SIGN_STYLE = Automatic;
				DEVELOPMENT_TEAM = 36YZ6UP6VW;
				HEADER_SEARCH_PATHS = /usr/local/include;
				INFOPLIST_FILE = Darwin/iOS/Info.plist;
				IPHONEOS_DEPLOYMENT_TARGET = 14.4;
				LD_RUNPATH_SEARCH_PATHS = (
					"$(inherited)",
					"@executable_path/Frameworks",
				);
				PRODUCT_BUNDLE_IDENTIFIER = com.DiligentNetrunner.Daedalus;
				PRODUCT_NAME = Daedalus;
				PROVISIONING_PROFILE_SPECIFIER = "";
				SDKROOT = iphoneos;
				TARGETED_DEVICE_FAMILY = "1,2";
				USER_HEADER_SEARCH_PATHS = "$(SRCROOT)/**";
				VALIDATE_PRODUCT = YES;
			};
			name = Release;
		};
/* End XCBuildConfiguration section */

/* Begin XCConfigurationList section */
		05C68D1A25C8381C00529B60 /* Build configuration list for PBXProject "Daedalus" */ = {
			isa = XCConfigurationList;
			buildConfigurations = (
				05C68D3125C8381F00529B60 /* Debug */,
				05C68D3225C8381F00529B60 /* Release */,
			);
			defaultConfigurationIsVisible = 0;
			defaultConfigurationName = Release;
		};
		05C68D3325C8381F00529B60 /* Build configuration list for PBXNativeTarget "Daedalus (macOS)" */ = {
			isa = XCConfigurationList;
			buildConfigurations = (
				05C68D3425C8381F00529B60 /* Debug */,
				05C68D3525C8381F00529B60 /* Release */,
			);
			defaultConfigurationIsVisible = 0;
			defaultConfigurationName = Release;
		};
		05C68D5225C8384E00529B60 /* Build configuration list for PBXNativeTarget "Daedalus (iOS)" */ = {
			isa = XCConfigurationList;
			buildConfigurations = (
				05C68D5325C8384E00529B60 /* Debug */,
				05C68D5425C8384E00529B60 /* Release */,
			);
			defaultConfigurationIsVisible = 0;
			defaultConfigurationName = Release;
		};
/* End XCConfigurationList section */
	};
	rootObject = 05C68D1725C8381C00529B60 /* Project object */;
}
